
Microsoft Visual Studio Solution File, Format Version 12.00
# Visual Studio 14
VisualStudioVersion = 14.0.25420.1
MinimumVisualStudioVersion = 10.0.40219.1
Project("{FAE04EC0-301F-11D3-BF4B-00C04F79EFBC}") = "FlotteSoft", "FlotteSoft\FlotteSoft.csproj", "{B48A300C-DA02-43B6-92F0-C9E32743718F}"
EndProject
Global
	GlobalSection(SolutionConfigurationPlatforms) = preSolution
		Debug|Any CPU = Debug|Any CPU
		Release|Any CPU = Release|Any CPU
	EndGlobalSection
	GlobalSection(ProjectConfigurationPlatforms) = postSolution
		{B48A300C-DA02-43B6-92F0-C9E32743718F}.Debug|Any CPU.ActiveCfg = Debug|Any CPU
		{B48A300C-DA02-43B6-92F0-C9E32743718F}.Debug|Any CPU.Build.0 = Debug|Any CPU
		{B48A300C-DA02-43B6-92F0-C9E32743718F}.Release|Any CPU.ActiveCfg = Release|Any CPU
		{B48A300C-DA02-43B6-92F0-C9E32743718F}.Release|Any CPU.Build.0 = Release|Any CPU
	EndGlobalSection
	GlobalSection(SolutionProperties) = preSolution
		HideSolutionNode = FALSE
	EndGlobalSection
EndGlobal
